{
    "hash": "e4d42623431468c02b18ed8d91acd4df",
    "packages": [
        {
            "package": "doctrine\/common",
            "version": "master-dev"
        },
        {
            "package": "symfony\/locale",
            "version": "2.1.0-dev"
        },
        {
            "package": "symfony\/validator",
            "version": "2.1.0-dev"
        },
        {
            "package": "symfony\/form",
            "version": "2.1.0-dev"
        },
        {
            "package": "symfony\/twig-bridge",
            "version": "2.1.0-dev"
        },
        {
            "package": "twig\/twig",
            "version": "1.7.0-dev"
        },
        {
            "package": "symfony\/class-loader",
            "version": "2.1.0-dev"
        },
        {
            "package": "symfony\/css-selector",
            "version": "2.1.0-dev"
        },
        {
            "package": "symfony\/event-dispatcher",
            "version": "2.1.0-dev"
        },
        {
            "package": "symfony\/http-foundation",
            "version": "2.1.0-dev"
        },
        {
            "package": "symfony\/http-kernel",
            "version": "2.1.0-dev"
        },
        {
            "package": "symfony\/routing",
            "version": "2.1.0-dev"
        },
        {
            "package": "symfony\/dom-crawler",
            "version": "2.1.0-dev"
        },
        {
            "package": "symfony\/browser-kit",
            "version": "2.1.0-dev"
        },
        {
            "package": "pimple\/pimple",
            "version": "1.0.0-dev"
        },
        {
            "package": "silex\/silex",
            "version": "1.0.0-dev"
        },
        {
            "package": "symfony\/translation",
            "version": "2.1.0-dev"
        },
        {
            "package": "kriswallsmith\/buzz",
            "version": "master-dev"
        },
        {
            "package": "behat\/sahi-client",
            "version": "master-dev"
        },
        {
            "package": "symfony\/process",
            "version": "2.1.0-dev"
        },
        {
            "package": "symfony\/finder",
            "version": "2.1.0-dev"
        },
        {
            "package": "symfony\/yaml",
            "version": "2.1.0-dev"
        },
        {
            "package": "symfony\/dependency-injection",
            "version": "2.1.0-dev"
        },
        {
            "package": "symfony\/config",
            "version": "2.1.0-dev"
        },
        {
            "package": "symfony\/console",
            "version": "2.1.0-dev"
        },
        {
            "package": "behat\/gherkin",
            "version": "v2.0.2"
        },
        {
            "package": "zendframework\/zend-registry",
            "version": "2.0.0beta2"
        },
        {
            "package": "zendframework\/zend-loader",
            "version": "2.0.0beta2"
        },
        {
            "package": "zendframework\/zend-stdlib",
            "version": "2.0.0beta2"
        },
        {
            "package": "zendframework\/zend-validator",
            "version": "2.0.0beta2"
        },
        {
            "package": "zendframework\/zend-http",
            "version": "2.0.0beta2"
        },
        {
            "package": "zendframework\/zend-uri",
            "version": "2.0.0beta2"
        },
        {
            "package": "fabpot\/goutte",
            "version": "master-dev"
        },
        {
            "package": "alexandresalome\/php-selenium",
            "version": "master-dev"
        },
        {
            "package": "facebook\/php-webdriver",
            "version": "master-dev"
        },
        {
            "package": "behat\/mink",
            "version": "v1.3.2"
        },
        {
            "package": "behat\/behat",
            "version": "v2.3.2"
        }
    ]
}